
Microsoft Visual Studio Solution File, Format Version 12.00
# Visual Studio Version 16
VisualStudioVersion = 16.0.31515.178
MinimumVisualStudioVersion = 10.0.40219.1
Project("{FAE04EC0-301F-11D3-BF4B-00C04F79EFBC}") = "task9", "task9\task9.csproj", "{1A46DE54-ADEA-4B20-9B07-19363A33BDCC}"
EndProject
Project("{FAE04EC0-301F-11D3-BF4B-00C04F79EFBC}") = "UnitTestProject", "UnitTestProject\UnitTestProject.csproj", "{D8EA804B-AF6C-4EE9-AEA2-DF9952BF53B9}"
EndProject
Global
	GlobalSection(SolutionConfigurationPlatforms) = preSolution
		Debug|Any CPU = Debug|Any CPU
		Release|Any CPU = Release|Any CPU
	EndGlobalSection
	GlobalSection(ProjectConfigurationPlatforms) = postSolution
		{1A46DE54-ADEA-4B20-9B07-19363A33BDCC}.Debug|Any CPU.ActiveCfg = Debug|Any CPU
		{1A46DE54-ADEA-4B20-9B07-19363A33BDCC}.Debug|Any CPU.Build.0 = Debug|Any CPU
		{1A46DE54-ADEA-4B20-9B07-19363A33BDCC}.Release|Any CPU.ActiveCfg = Release|Any CPU
		{1A46DE54-ADEA-4B20-9B07-19363A33BDCC}.Release|Any CPU.Build.0 = Release|Any CPU
		{D8EA804B-AF6C-4EE9-AEA2-DF9952BF53B9}.Debug|Any CPU.ActiveCfg = Debug|Any CPU
		{D8EA804B-AF6C-4EE9-AEA2-DF9952BF53B9}.Debug|Any CPU.Build.0 = Debug|Any CPU
		{D8EA804B-AF6C-4EE9-AEA2-DF9952BF53B9}.Release|Any CPU.ActiveCfg = Release|Any CPU
		{D8EA804B-AF6C-4EE9-AEA2-DF9952BF53B9}.Release|Any CPU.Build.0 = Release|Any CPU
	EndGlobalSection
	GlobalSection(SolutionProperties) = preSolution
		HideSolutionNode = FALSE
	EndGlobalSection
	GlobalSection(ExtensibilityGlobals) = postSolution
		SolutionGuid = {C9FBFA33-35C1-4545-8993-D7F8F2BDEA78}
	EndGlobalSection
EndGlobal
